
Microsoft Visual Studio Solution File, Format Version 12.00
# Visual Studio 15
VisualStudioVersion = 15.0.28307.645
MinimumVisualStudioVersion = 10.0.40219.1
Project("{FAE04EC0-301F-11D3-BF4B-00C04F79EFBC}") = "Cubes", "Cubes\Cubes.csproj", "{326C9345-B476-40D5-A9D8-2B0B8B084974}"
EndProject
Project("{FAE04EC0-301F-11D3-BF4B-00C04F79EFBC}") = "UnitTestCubes", "UnitTestCubes\UnitTestCubes.csproj", "{7BD4AD3C-8A03-4E0C-AC0E-CD70E5F14016}"
EndProject
Global
	GlobalSection(SolutionConfigurationPlatforms) = preSolution
		Debug|Any CPU = Debug|Any CPU
		Release|Any CPU = Release|Any CPU
	EndGlobalSection
	GlobalSection(ProjectConfigurationPlatforms) = postSolution
		{326C9345-B476-40D5-A9D8-2B0B8B084974}.Debug|Any CPU.ActiveCfg = Debug|Any CPU
		{326C9345-B476-40D5-A9D8-2B0B8B084974}.Debug|Any CPU.Build.0 = Debug|Any CPU
		{326C9345-B476-40D5-A9D8-2B0B8B084974}.Release|Any CPU.ActiveCfg = Release|Any CPU
		{326C9345-B476-40D5-A9D8-2B0B8B084974}.Release|Any CPU.Build.0 = Release|Any CPU
		{7BD4AD3C-8A03-4E0C-AC0E-CD70E5F14016}.Debug|Any CPU.ActiveCfg = Debug|Any CPU
		{7BD4AD3C-8A03-4E0C-AC0E-CD70E5F14016}.Debug|Any CPU.Build.0 = Debug|Any CPU
		{7BD4AD3C-8A03-4E0C-AC0E-CD70E5F14016}.Release|Any CPU.ActiveCfg = Release|Any CPU
		{7BD4AD3C-8A03-4E0C-AC0E-CD70E5F14016}.Release|Any CPU.Build.0 = Release|Any CPU
	EndGlobalSection
	GlobalSection(SolutionProperties) = preSolution
		HideSolutionNode = FALSE
	EndGlobalSection
	GlobalSection(ExtensibilityGlobals) = postSolution
		SolutionGuid = {58369B61-8007-41EA-AA7A-B08D4E8C9817}
	EndGlobalSection
EndGlobal
